
Microsoft Visual Studio Solution File, Format Version 12.00
# Visual Studio Version 17
VisualStudioVersion = 17.13.35825.156 d17.13
MinimumVisualStudioVersion = 10.0.40219.1
Project("{888888A0-9F3D-457C-B088-3A5042F75D52}") = "PythAzureApI'", "PythAzureApI'\PythAzureApI'.pyproj", "{CCAAFA27-A2DE-45D7-A23F-7D8CDD0239F3}"
EndProject
Global
	GlobalSection(SolutionConfigurationPlatforms) = preSolution
		Debug|Any CPU = Debug|Any CPU
		Release|Any CPU = Release|Any CPU
	EndGlobalSection
	GlobalSection(ProjectConfigurationPlatforms) = postSolution
		{CCAAFA27-A2DE-45D7-A23F-7D8CDD0239F3}.Debug|Any CPU.ActiveCfg = Debug|Any CPU
		{CCAAFA27-A2DE-45D7-A23F-7D8CDD0239F3}.Release|Any CPU.ActiveCfg = Release|Any CPU
	EndGlobalSection
	GlobalSection(SolutionProperties) = preSolution
		HideSolutionNode = FALSE
	EndGlobalSection
	GlobalSection(ExtensibilityGlobals) = postSolution
		SolutionGuid = {BC424616-9DC9-4386-AD20-DE7339CD06E4}
	EndGlobalSection
EndGlobal
